
Microsoft Visual Studio Solution File, Format Version 12.00
# Visual Studio Version 16
VisualStudioVersion = 16.0.31321.278
MinimumVisualStudioVersion = 10.0.40219.1
Project("{FAE04EC0-301F-11D3-BF4B-00C04F79EFBC}") = "MujutPrilep", "MujutPrilep\MujutPrilep.csproj", "{7E95C300-4278-456A-BF8B-E701B78454D4}"
EndProject
Global
	GlobalSection(SolutionConfigurationPlatforms) = preSolution
		Debug|Any CPU = Debug|Any CPU
		Release|Any CPU = Release|Any CPU
	EndGlobalSection
	GlobalSection(ProjectConfigurationPlatforms) = postSolution
		{7E95C300-4278-456A-BF8B-E701B78454D4}.Debug|Any CPU.ActiveCfg = Debug|Any CPU
		{7E95C300-4278-456A-BF8B-E701B78454D4}.Debug|Any CPU.Build.0 = Debug|Any CPU
		{7E95C300-4278-456A-BF8B-E701B78454D4}.Release|Any CPU.ActiveCfg = Release|Any CPU
		{7E95C300-4278-456A-BF8B-E701B78454D4}.Release|Any CPU.Build.0 = Release|Any CPU
	EndGlobalSection
	GlobalSection(SolutionProperties) = preSolution
		HideSolutionNode = FALSE
	EndGlobalSection
	GlobalSection(ExtensibilityGlobals) = postSolution
		SolutionGuid = {FD4D5AAF-B135-4C54-AB80-EB64B0293A54}
	EndGlobalSection
EndGlobal
